
Microsoft Visual Studio Solution File, Format Version 12.00
# Visual Studio Version 17
VisualStudioVersion = 17.4.33110.190
MinimumVisualStudioVersion = 10.0.40219.1
Project("{FAE04EC0-301F-11D3-BF4B-00C04F79EFBC}") = "Sponcer Csharp System", "Sponcer Csharp System\Sponcer Csharp System.csproj", "{9B73C191-C167-477A-947F-DBA62F749B26}"
EndProject
Global
	GlobalSection(SolutionConfigurationPlatforms) = preSolution
		Debug|Any CPU = Debug|Any CPU
		Release|Any CPU = Release|Any CPU
	EndGlobalSection
	GlobalSection(ProjectConfigurationPlatforms) = postSolution
		{9B73C191-C167-477A-947F-DBA62F749B26}.Debug|Any CPU.ActiveCfg = Debug|Any CPU
		{9B73C191-C167-477A-947F-DBA62F749B26}.Debug|Any CPU.Build.0 = Debug|Any CPU
		{9B73C191-C167-477A-947F-DBA62F749B26}.Release|Any CPU.ActiveCfg = Release|Any CPU
		{9B73C191-C167-477A-947F-DBA62F749B26}.Release|Any CPU.Build.0 = Release|Any CPU
	EndGlobalSection
	GlobalSection(SolutionProperties) = preSolution
		HideSolutionNode = FALSE
	EndGlobalSection
	GlobalSection(ExtensibilityGlobals) = postSolution
		SolutionGuid = {038C7D14-537B-4215-B479-F212A0DBEF19}
	EndGlobalSection
EndGlobal
